
Microsoft Visual Studio Solution File, Format Version 12.00
# Visual Studio 15
VisualStudioVersion = 15.0.26430.6
MinimumVisualStudioVersion = 10.0.40219.1
Project("{A07B5EB6-E848-4116-A8D0-A826331D98C6}") = "HelloWorldLevelTwo", "HelloWorldLevelTwo\HelloWorldLevelTwo.sfproj", "{66F323F0-926A-482E-B1CF-C5F1398F694E}"
EndProject
Project("{FAE04EC0-301F-11D3-BF4B-00C04F79EFBC}") = "WebApi", "WebApi\WebApi.csproj", "{613CB976-681B-4D0A-B8F6-E2989617F1F2}"
EndProject
Project("{FAE04EC0-301F-11D3-BF4B-00C04F79EFBC}") = "MessagingService", "MessagingService\MessagingService.csproj", "{DFFAE4D5-04A2-4238-8C49-D5FCC8AFDFB7}"
EndProject
Project("{FAE04EC0-301F-11D3-BF4B-00C04F79EFBC}") = "MessagingService.Contracts", "MessagingService.Contracts\MessagingService.Contracts.csproj", "{FBA3ACF5-6D25-459F-9A53-5EDD0ED0013E}"
EndProject
Global
	GlobalSection(SolutionConfigurationPlatforms) = preSolution
		Debug|Any CPU = Debug|Any CPU
		Debug|x64 = Debug|x64
		Release|Any CPU = Release|Any CPU
		Release|x64 = Release|x64
	EndGlobalSection
	GlobalSection(ProjectConfigurationPlatforms) = postSolution
		{66F323F0-926A-482E-B1CF-C5F1398F694E}.Debug|Any CPU.ActiveCfg = Debug|x64
		{66F323F0-926A-482E-B1CF-C5F1398F694E}.Debug|x64.ActiveCfg = Debug|x64
		{66F323F0-926A-482E-B1CF-C5F1398F694E}.Debug|x64.Build.0 = Debug|x64
		{66F323F0-926A-482E-B1CF-C5F1398F694E}.Debug|x64.Deploy.0 = Debug|x64
		{66F323F0-926A-482E-B1CF-C5F1398F694E}.Release|Any CPU.ActiveCfg = Release|x64
		{66F323F0-926A-482E-B1CF-C5F1398F694E}.Release|x64.ActiveCfg = Release|x64
		{66F323F0-926A-482E-B1CF-C5F1398F694E}.Release|x64.Build.0 = Release|x64
		{66F323F0-926A-482E-B1CF-C5F1398F694E}.Release|x64.Deploy.0 = Release|x64
		{613CB976-681B-4D0A-B8F6-E2989617F1F2}.Debug|Any CPU.ActiveCfg = Debug|Any CPU
		{613CB976-681B-4D0A-B8F6-E2989617F1F2}.Debug|Any CPU.Build.0 = Debug|Any CPU
		{613CB976-681B-4D0A-B8F6-E2989617F1F2}.Debug|x64.ActiveCfg = Debug|Any CPU
		{613CB976-681B-4D0A-B8F6-E2989617F1F2}.Debug|x64.Build.0 = Debug|Any CPU
		{613CB976-681B-4D0A-B8F6-E2989617F1F2}.Release|Any CPU.ActiveCfg = Release|Any CPU
		{613CB976-681B-4D0A-B8F6-E2989617F1F2}.Release|Any CPU.Build.0 = Release|Any CPU
		{613CB976-681B-4D0A-B8F6-E2989617F1F2}.Release|x64.ActiveCfg = Release|Any CPU
		{613CB976-681B-4D0A-B8F6-E2989617F1F2}.Release|x64.Build.0 = Release|Any CPU
		{DFFAE4D5-04A2-4238-8C49-D5FCC8AFDFB7}.Debug|Any CPU.ActiveCfg = Debug|x64
		{DFFAE4D5-04A2-4238-8C49-D5FCC8AFDFB7}.Debug|x64.ActiveCfg = Debug|x64
		{DFFAE4D5-04A2-4238-8C49-D5FCC8AFDFB7}.Debug|x64.Build.0 = Debug|x64
		{DFFAE4D5-04A2-4238-8C49-D5FCC8AFDFB7}.Release|Any CPU.ActiveCfg = Release|x64
		{DFFAE4D5-04A2-4238-8C49-D5FCC8AFDFB7}.Release|x64.ActiveCfg = Release|x64
		{DFFAE4D5-04A2-4238-8C49-D5FCC8AFDFB7}.Release|x64.Build.0 = Release|x64
		{FBA3ACF5-6D25-459F-9A53-5EDD0ED0013E}.Debug|Any CPU.ActiveCfg = Debug|Any CPU
		{FBA3ACF5-6D25-459F-9A53-5EDD0ED0013E}.Debug|Any CPU.Build.0 = Debug|Any CPU
		{FBA3ACF5-6D25-459F-9A53-5EDD0ED0013E}.Debug|x64.ActiveCfg = Debug|Any CPU
		{FBA3ACF5-6D25-459F-9A53-5EDD0ED0013E}.Debug|x64.Build.0 = Debug|Any CPU
		{FBA3ACF5-6D25-459F-9A53-5EDD0ED0013E}.Release|Any CPU.ActiveCfg = Release|Any CPU
		{FBA3ACF5-6D25-459F-9A53-5EDD0ED0013E}.Release|Any CPU.Build.0 = Release|Any CPU
		{FBA3ACF5-6D25-459F-9A53-5EDD0ED0013E}.Release|x64.ActiveCfg = Release|Any CPU
		{FBA3ACF5-6D25-459F-9A53-5EDD0ED0013E}.Release|x64.Build.0 = Release|Any CPU
	EndGlobalSection
	GlobalSection(SolutionProperties) = preSolution
		HideSolutionNode = FALSE
	EndGlobalSection
EndGlobal
